
Microsoft Visual Studio Solution File, Format Version 12.00
# Visual Studio 2012
Project("{FAE04EC0-301F-11D3-BF4B-00C04F79EFBC}") = "WindowsFormsApplication1", "WindowsFormsApplication1\WindowsFormsApplication1.csproj", "{B9AEC6DE-A7E8-4477-A774-4821B62948A2}"
EndProject
Global
	GlobalSection(SolutionConfigurationPlatforms) = preSolution
		Debug|Any CPU = Debug|Any CPU
		Release|Any CPU = Release|Any CPU
	EndGlobalSection
	GlobalSection(ProjectConfigurationPlatforms) = postSolution
		{B9AEC6DE-A7E8-4477-A774-4821B62948A2}.Debug|Any CPU.ActiveCfg = Debug|Any CPU
		{B9AEC6DE-A7E8-4477-A774-4821B62948A2}.Debug|Any CPU.Build.0 = Debug|Any CPU
		{B9AEC6DE-A7E8-4477-A774-4821B62948A2}.Release|Any CPU.ActiveCfg = Release|Any CPU
		{B9AEC6DE-A7E8-4477-A774-4821B62948A2}.Release|Any CPU.Build.0 = Release|Any CPU
	EndGlobalSection
	GlobalSection(SolutionProperties) = preSolution
		HideSolutionNode = FALSE
	EndGlobalSection
EndGlobal
